
Microsoft Visual Studio Solution File, Format Version 12.00
# Visual Studio Version 17
VisualStudioVersion = 17.9.34622.214
MinimumVisualStudioVersion = 10.0.40219.1
Project("{FAE04EC0-301F-11D3-BF4B-00C04F79EFBC}") = "DependencyContainer", "DependencyContainer.csproj", "{9E891CE2-0259-4A6B-B355-00949F79A821}"
EndProject
Global
	GlobalSection(SolutionConfigurationPlatforms) = preSolution
		Debug|Any CPU = Debug|Any CPU
		Release|Any CPU = Release|Any CPU
	EndGlobalSection
	GlobalSection(ProjectConfigurationPlatforms) = postSolution
		{9E891CE2-0259-4A6B-B355-00949F79A821}.Debug|Any CPU.ActiveCfg = Debug|Any CPU
		{9E891CE2-0259-4A6B-B355-00949F79A821}.Debug|Any CPU.Build.0 = Debug|Any CPU
		{9E891CE2-0259-4A6B-B355-00949F79A821}.Release|Any CPU.ActiveCfg = Release|Any CPU
		{9E891CE2-0259-4A6B-B355-00949F79A821}.Release|Any CPU.Build.0 = Release|Any CPU
	EndGlobalSection
	GlobalSection(SolutionProperties) = preSolution
		HideSolutionNode = FALSE
	EndGlobalSection
	GlobalSection(ExtensibilityGlobals) = postSolution
		SolutionGuid = {298770EA-67B9-4516-8583-1F5FBA2EC1B0}
	EndGlobalSection
EndGlobal
